
Microsoft Visual Studio Solution File, Format Version 12.00
# Visual Studio Version 16
VisualStudioVersion = 16.0.29728.190
MinimumVisualStudioVersion = 10.0.40219.1
Project("{FAE04EC0-301F-11D3-BF4B-00C04F79EFBC}") = "ArraysProject", "ArraysProject\ArraysProject.csproj", "{A8791191-9CEF-47CF-BF81-DA60FC08ADB5}"
EndProject
Global
	GlobalSection(SolutionConfigurationPlatforms) = preSolution
		Debug|Any CPU = Debug|Any CPU
		Release|Any CPU = Release|Any CPU
	EndGlobalSection
	GlobalSection(ProjectConfigurationPlatforms) = postSolution
		{A8791191-9CEF-47CF-BF81-DA60FC08ADB5}.Debug|Any CPU.ActiveCfg = Debug|Any CPU
		{A8791191-9CEF-47CF-BF81-DA60FC08ADB5}.Debug|Any CPU.Build.0 = Debug|Any CPU
		{A8791191-9CEF-47CF-BF81-DA60FC08ADB5}.Release|Any CPU.ActiveCfg = Release|Any CPU
		{A8791191-9CEF-47CF-BF81-DA60FC08ADB5}.Release|Any CPU.Build.0 = Release|Any CPU
	EndGlobalSection
	GlobalSection(SolutionProperties) = preSolution
		HideSolutionNode = FALSE
	EndGlobalSection
	GlobalSection(ExtensibilityGlobals) = postSolution
		SolutionGuid = {301875EA-95BC-44E2-AEB5-B58D8C95885D}
	EndGlobalSection
EndGlobal
